
Microsoft Visual Studio Solution File, Format Version 12.00
# Visual Studio Version 16
VisualStudioVersion = 16.0.33130.400
MinimumVisualStudioVersion = 10.0.40219.1
Project("{FAE04EC0-301F-11D3-BF4B-00C04F79EFBC}") = "WpfApp3", "WpfApp3.csproj", "{5AA37456-E80A-41DC-8DA4-1A3EA7612AA3}"
EndProject
Global
	GlobalSection(SolutionConfigurationPlatforms) = preSolution
		Debug|Any CPU = Debug|Any CPU
		Release|Any CPU = Release|Any CPU
	EndGlobalSection
	GlobalSection(ProjectConfigurationPlatforms) = postSolution
		{5AA37456-E80A-41DC-8DA4-1A3EA7612AA3}.Debug|Any CPU.ActiveCfg = Debug|Any CPU
		{5AA37456-E80A-41DC-8DA4-1A3EA7612AA3}.Debug|Any CPU.Build.0 = Debug|Any CPU
		{5AA37456-E80A-41DC-8DA4-1A3EA7612AA3}.Release|Any CPU.ActiveCfg = Release|Any CPU
		{5AA37456-E80A-41DC-8DA4-1A3EA7612AA3}.Release|Any CPU.Build.0 = Release|Any CPU
	EndGlobalSection
	GlobalSection(SolutionProperties) = preSolution
		HideSolutionNode = FALSE
	EndGlobalSection
	GlobalSection(ExtensibilityGlobals) = postSolution
		SolutionGuid = {62300695-4FE6-43AC-83BC-D5D91ED06E4E}
	EndGlobalSection
EndGlobal
